
Microsoft Visual Studio Solution File, Format Version 12.00
# Visual Studio 15
VisualStudioVersion = 15.0.28307.489
MinimumVisualStudioVersion = 10.0.40219.1
Project("{FAE04EC0-301F-11D3-BF4B-00C04F79EFBC}") = "Test", "Test\Test.csproj", "{0967E2D4-08E0-4156-9003-CA305A9CFC19}"
EndProject
Global
	GlobalSection(SolutionConfigurationPlatforms) = preSolution
		Debug|Any CPU = Debug|Any CPU
		Release|Any CPU = Release|Any CPU
	EndGlobalSection
	GlobalSection(ProjectConfigurationPlatforms) = postSolution
		{0967E2D4-08E0-4156-9003-CA305A9CFC19}.Debug|Any CPU.ActiveCfg = Debug|Any CPU
		{0967E2D4-08E0-4156-9003-CA305A9CFC19}.Debug|Any CPU.Build.0 = Debug|Any CPU
		{0967E2D4-08E0-4156-9003-CA305A9CFC19}.Release|Any CPU.ActiveCfg = Release|Any CPU
		{0967E2D4-08E0-4156-9003-CA305A9CFC19}.Release|Any CPU.Build.0 = Release|Any CPU
	EndGlobalSection
	GlobalSection(SolutionProperties) = preSolution
		HideSolutionNode = FALSE
	EndGlobalSection
	GlobalSection(ExtensibilityGlobals) = postSolution
		SolutionGuid = {F99C969D-8D98-4408-863D-C5F75430F802}
	EndGlobalSection
EndGlobal
