
Microsoft Visual Studio Solution File, Format Version 12.00
# Visual Studio Version 16
VisualStudioVersion = 16.0.29306.81
MinimumVisualStudioVersion = 10.0.40219.1
Project("{FAE04EC0-301F-11D3-BF4B-00C04F79EFBC}") = "UpdateFileName", "UpdateFileName.csproj", "{FF55B77B-68EF-4DBF-B770-0330EB99699E}"
EndProject
Global
	GlobalSection(SolutionConfigurationPlatforms) = preSolution
		Debug|Any CPU = Debug|Any CPU
		Release|Any CPU = Release|Any CPU
	EndGlobalSection
	GlobalSection(ProjectConfigurationPlatforms) = postSolution
		{FF55B77B-68EF-4DBF-B770-0330EB99699E}.Debug|Any CPU.ActiveCfg = Debug|Any CPU
		{FF55B77B-68EF-4DBF-B770-0330EB99699E}.Debug|Any CPU.Build.0 = Debug|Any CPU
		{FF55B77B-68EF-4DBF-B770-0330EB99699E}.Release|Any CPU.ActiveCfg = Release|Any CPU
		{FF55B77B-68EF-4DBF-B770-0330EB99699E}.Release|Any CPU.Build.0 = Release|Any CPU
	EndGlobalSection
	GlobalSection(SolutionProperties) = preSolution
		HideSolutionNode = FALSE
	EndGlobalSection
	GlobalSection(ExtensibilityGlobals) = postSolution
		SolutionGuid = {6095557A-6B42-4935-BFA5-11E61ADB6200}
	EndGlobalSection
EndGlobal
