
Microsoft Visual Studio Solution File, Format Version 12.00
# Visual Studio Version 16
VisualStudioVersion = 16.0.29306.81
MinimumVisualStudioVersion = 10.0.40219.1
Project("{FAE04EC0-301F-11D3-BF4B-00C04F79EFBC}") = "ANSICnvUTF", "ANSICnvUTF.csproj", "{A6352D9E-FF39-4570-B316-EB8682F58BCD}"
EndProject
Global
	GlobalSection(SolutionConfigurationPlatforms) = preSolution
		Debug|Any CPU = Debug|Any CPU
		Release|Any CPU = Release|Any CPU
	EndGlobalSection
	GlobalSection(ProjectConfigurationPlatforms) = postSolution
		{A6352D9E-FF39-4570-B316-EB8682F58BCD}.Debug|Any CPU.ActiveCfg = Debug|Any CPU
		{A6352D9E-FF39-4570-B316-EB8682F58BCD}.Debug|Any CPU.Build.0 = Debug|Any CPU
		{A6352D9E-FF39-4570-B316-EB8682F58BCD}.Release|Any CPU.ActiveCfg = Release|Any CPU
		{A6352D9E-FF39-4570-B316-EB8682F58BCD}.Release|Any CPU.Build.0 = Release|Any CPU
	EndGlobalSection
	GlobalSection(SolutionProperties) = preSolution
		HideSolutionNode = FALSE
	EndGlobalSection
	GlobalSection(ExtensibilityGlobals) = postSolution
		SolutionGuid = {7D1AE5DE-AB48-453E-951E-C956F750F27F}
	EndGlobalSection
EndGlobal
